
Microsoft Visual Studio Solution File, Format Version 12.00
# Visual Studio 15
VisualStudioVersion = 15.0.27428.2043
MinimumVisualStudioVersion = 10.0.40219.1
Project("{FAE04EC0-301F-11D3-BF4B-00C04F79EFBC}") = "Progect_what", "Progect_what\Progect_what.csproj", "{5535623C-A8E9-4CD2-A699-8E93C89A2C8B}"
EndProject
Global
	GlobalSection(SolutionConfigurationPlatforms) = preSolution
		Debug|Any CPU = Debug|Any CPU
		Release|Any CPU = Release|Any CPU
	EndGlobalSection
	GlobalSection(ProjectConfigurationPlatforms) = postSolution
		{5535623C-A8E9-4CD2-A699-8E93C89A2C8B}.Debug|Any CPU.ActiveCfg = Debug|Any CPU
		{5535623C-A8E9-4CD2-A699-8E93C89A2C8B}.Debug|Any CPU.Build.0 = Debug|Any CPU
		{5535623C-A8E9-4CD2-A699-8E93C89A2C8B}.Release|Any CPU.ActiveCfg = Release|Any CPU
		{5535623C-A8E9-4CD2-A699-8E93C89A2C8B}.Release|Any CPU.Build.0 = Release|Any CPU
	EndGlobalSection
	GlobalSection(SolutionProperties) = preSolution
		HideSolutionNode = FALSE
	EndGlobalSection
	GlobalSection(ExtensibilityGlobals) = postSolution
		SolutionGuid = {44553D9A-59AB-493D-8C54-00D25ECAE043}
	EndGlobalSection
EndGlobal
